<?xml version="1.0" encoding="utf-8"?>
<Project ToolsVersion="4.0" xmlns="http://schemas.microsoft.com/developer/msbuild/2003">
  <ItemGroup>
    <Filter Include="Source Files">
      <UniqueIdentifier>{4FC737F1-C7A5-4376-A066-2A32D752A2FF}</UniqueIdentifier>
      <Extensions>cpp;c;cc;cxx;def;odl;idl;hpj;bat;asm;asmx</Extensions>
    </Filter>
    <Filter Include="Header Files">
      <UniqueIdentifier>{93995380-89BD-4b04-88EB-625FBE52EBFB}</UniqueIdentifier>
      <Extensions>h;hh;hpp;hxx;hm;inl;inc;ipp;xsd</Extensions>
    </Filter>
    <Filter Include="Resource Files">
      <UniqueIdentifier>{67DA6AB6-F800-4c08-8B7A-83BB121AAD01}</UniqueIdentifier>
      <Extensions>rc;ico;cur;bmp;dlg;rc2;rct;bin;rgs;gif;jpg;jpeg;jpe;resx;tiff;tif;png;wav;mfcribbon-ms</Extensions>
    </Filter>
    <Filter Include="Header Files\Hacks">
      <UniqueIdentifier>{67b1fa3f-f105-4049-ae43-84353e6e0456}</UniqueIdentifier>
    </Filter>
    <Filter Include="Header Files\Maths">
      <UniqueIdentifier>{128471dd-2814-4cbf-aaaf-4eed0f5ed6b6}</UniqueIdentifier>
    </Filter>
    <Filter Include="Source Files\Hacks">
      <UniqueIdentifier>{2682e910-2c0f-4d64-8242-7d84fd7dbeb0}</UniqueIdentifier>
    </Filter>
    <Filter Include="Source Files\Maths">
      <UniqueIdentifier>{cc45f957-c65c-41cf-9e30-e93c4234272c}</UniqueIdentifier>
    </Filter>
    <Filter Include="Header Files\Player">
      <UniqueIdentifier>{f7731474-140b-4440-8eab-dcf93e115f8f}</UniqueIdentifier>
    </Filter>
    <Filter Include="Source Files\Player">
      <UniqueIdentifier>{93656998-16e1-44fb-8ac2-2c444aa35175}</UniqueIdentifier>
    </Filter>
    <Filter Include="Header Files\Variables">
      <UniqueIdentifier>{03dad86f-6ec7-4179-9e81-a2a5069e5748}</UniqueIdentifier>
    </Filter>
    <Filter Include="Header Files\Utility">
      <UniqueIdentifier>{dc3a1704-da56-416b-9dd9-015a9e3fb0ec}</UniqueIdentifier>
    </Filter>
    <Filter Include="Source Files\Variables">
      <UniqueIdentifier>{9b215fd9-352b-4abe-a2da-5114d53dcc10}</UniqueIdentifier>
    </Filter>
    <Filter Include="Source Files\Utility">
      <UniqueIdentifier>{d8a6bbe3-2918-4a8e-87bc-42d16b59f0f0}</UniqueIdentifier>
    </Filter>
  </ItemGroup>
  <ItemGroup>
    <ClInclude Include="stdafx.h">
      <Filter>Header Files</Filter>
    </ClInclude>
    <ClInclude Include="Vector2.h">
      <Filter>Header Files\Maths</Filter>
    </ClInclude>
    <ClInclude Include="Vector3.h">
      <Filter>Header Files\Maths</Filter>
    </ClInclude>
    <ClInclude Include="Aimbot.h">
      <Filter>Header Files\Hacks</Filter>
    </ClInclude>
    <ClInclude Include="Bhop.h">
      <Filter>Header Files\Hacks</Filter>
    </ClInclude>
    <ClInclude Include="Chams.h">
      <Filter>Header Files\Hacks</Filter>
    </ClInclude>
    <ClInclude Include="ESP.h">
      <Filter>Header Files\Hacks</Filter>
    </ClInclude>
    <ClInclude Include="Glow.h">
      <Filter>Header Files\Hacks</Filter>
    </ClInclude>
    <ClInclude Include="RecoilCrosshair.h">
      <Filter>Header Files\Hacks</Filter>
    </ClInclude>
    <ClInclude Include="Radar.h">
      <Filter>Header Files\Hacks</Filter>
    </ClInclude>
    <ClInclude Include="LocalPlayer.h">
      <Filter>Header Files\Player</Filter>
    </ClInclude>
    <ClInclude Include="Entity.h">
      <Filter>Header Files\Player</Filter>
    </ClInclude>
    <ClInclude Include="Global.h">
      <Filter>Header Files\Variables</Filter>
    </ClInclude>
    <ClInclude Include="Offsets.h">
      <Filter>Header Files\Variables</Filter>
    </ClInclude>
    <ClInclude Include="InfoStatus.h">
      <Filter>Header Files\Utility</Filter>
    </ClInclude>
    <ClInclude Include="Overlay.h">
      <Filter>Header Files\Utility</Filter>
    </ClInclude>
    <ClInclude Include="RandomName.h">
      <Filter>Header Files\Utility</Filter>
    </ClInclude>
    <ClInclude Include="Color.h">
      <Filter>Header Files\Utility</Filter>
    </ClInclude>
    <ClInclude Include="Memory.h">
      <Filter>Header Files\Utility</Filter>
    </ClInclude>
    <ClInclude Include="Thread.h">
      <Filter>Header Files\Utility</Filter>
    </ClInclude>
    <ClInclude Include="Update.h">
      <Filter>Header Files\Utility</Filter>
    </ClInclude>
    <ClInclude Include="FOV.h">
      <Filter>Header Files\Hacks</Filter>
    </ClInclude>
    <ClInclude Include="ThirdPerson.h">
      <Filter>Header Files\Hacks</Filter>
    </ClInclude>
  </ItemGroup>
  <ItemGroup>
    <ClCompile Include="main.cpp">
      <Filter>Source Files</Filter>
    </ClCompile>
    <ClCompile Include="stdafx.cpp">
      <Filter>Source Files</Filter>
    </ClCompile>
    <ClCompile Include="Aimbot.cpp">
      <Filter>Source Files\Hacks</Filter>
    </ClCompile>
    <ClCompile Include="Bhop.cpp">
      <Filter>Source Files\Hacks</Filter>
    </ClCompile>
    <ClCompile Include="Chams.cpp">
      <Filter>Source Files\Hacks</Filter>
    </ClCompile>
    <ClCompile Include="ESP.cpp">
      <Filter>Source Files\Hacks</Filter>
    </ClCompile>
    <ClCompile Include="Radar.cpp">
      <Filter>Source Files\Hacks</Filter>
    </ClCompile>
    <ClCompile Include="RecoilCrosshair.cpp">
      <Filter>Source Files\Hacks</Filter>
    </ClCompile>
    <ClCompile Include="Glow.cpp">
      <Filter>Source Files\Hacks</Filter>
    </ClCompile>
    <ClCompile Include="Vector2.cpp">
      <Filter>Source Files\Maths</Filter>
    </ClCompile>
    <ClCompile Include="Vector3.cpp">
      <Filter>Source Files\Maths</Filter>
    </ClCompile>
    <ClCompile Include="Entity.cpp">
      <Filter>Source Files\Player</Filter>
    </ClCompile>
    <ClCompile Include="LocalPlayer.cpp">
      <Filter>Source Files\Player</Filter>
    </ClCompile>
    <ClCompile Include="Offsets.cpp">
      <Filter>Source Files\Variables</Filter>
    </ClCompile>
    <ClCompile Include="Global.cpp">
      <Filter>Source Files\Variables</Filter>
    </ClCompile>
    <ClCompile Include="InfoStatus.cpp">
      <Filter>Source Files\Utility</Filter>
    </ClCompile>
    <ClCompile Include="Memory.cpp">
      <Filter>Source Files\Utility</Filter>
    </ClCompile>
    <ClCompile Include="Overlay.cpp">
      <Filter>Source Files\Utility</Filter>
    </ClCompile>
    <ClCompile Include="RandomName.cpp">
      <Filter>Source Files\Utility</Filter>
    </ClCompile>
    <ClCompile Include="Update.cpp">
      <Filter>Source Files\Utility</Filter>
    </ClCompile>
    <ClCompile Include="Thread.cpp">
      <Filter>Source Files\Utility</Filter>
    </ClCompile>
    <ClCompile Include="FOV.cpp">
      <Filter>Source Files\Hacks</Filter>
    </ClCompile>
    <ClCompile Include="ThirdPerson.cpp">
      <Filter>Source Files\Hacks</Filter>
    </ClCompile>
  </ItemGroup>
</Project>